
Microsoft Visual Studio Solution File, Format Version 12.00
# Visual Studio Version 17
VisualStudioVersion = 17.13.35919.96
MinimumVisualStudioVersion = 10.0.40219.1
Project("{FAE04EC0-301F-11D3-BF4B-00C04F79EFBC}") = "AdminPanel", "AdminPanel\AdminPanel.csproj", "{4A5CD8C4-70AA-4852-B2C7-10CB71906A3A}"
EndProject
Project("{FAE04EC0-301F-11D3-BF4B-00C04F79EFBC}") = "AdminPanel.Tests", "AdminPanel.Tests\AdminPanel.Tests.csproj", "{A210F5EA-247F-4F0D-B935-49C92A5DDBF2}"
EndProject
Project("{FAE04EC0-301F-11D3-BF4B-00C04F79EFBC}") = "AdminPanel.Identity", "AdminPanel.Identity\AdminPanel.Identity.csproj", "{79B19379-0292-47C9-B6D6-D4D580B0DE5F}"
EndProject
Global
	GlobalSection(SolutionConfigurationPlatforms) = preSolution
		Debug|Any CPU = Debug|Any CPU
		Debug|x64 = Debug|x64
		Debug|x86 = Debug|x86
		Release|Any CPU = Release|Any CPU
		Release|x64 = Release|x64
		Release|x86 = Release|x86
	EndGlobalSection
	GlobalSection(ProjectConfigurationPlatforms) = postSolution
		{4A5CD8C4-70AA-4852-B2C7-10CB71906A3A}.Debug|Any CPU.ActiveCfg = Debug|Any CPU
		{4A5CD8C4-70AA-4852-B2C7-10CB71906A3A}.Debug|Any CPU.Build.0 = Debug|Any CPU
		{4A5CD8C4-70AA-4852-B2C7-10CB71906A3A}.Debug|x64.ActiveCfg = Debug|Any CPU
		{4A5CD8C4-70AA-4852-B2C7-10CB71906A3A}.Debug|x64.Build.0 = Debug|Any CPU
		{4A5CD8C4-70AA-4852-B2C7-10CB71906A3A}.Debug|x86.ActiveCfg = Debug|Any CPU
		{4A5CD8C4-70AA-4852-B2C7-10CB71906A3A}.Debug|x86.Build.0 = Debug|Any CPU
		{4A5CD8C4-70AA-4852-B2C7-10CB71906A3A}.Release|Any CPU.ActiveCfg = Release|Any CPU
		{4A5CD8C4-70AA-4852-B2C7-10CB71906A3A}.Release|Any CPU.Build.0 = Release|Any CPU
		{4A5CD8C4-70AA-4852-B2C7-10CB71906A3A}.Release|x64.ActiveCfg = Release|Any CPU
		{4A5CD8C4-70AA-4852-B2C7-10CB71906A3A}.Release|x64.Build.0 = Release|Any CPU
		{4A5CD8C4-70AA-4852-B2C7-10CB71906A3A}.Release|x86.ActiveCfg = Release|Any CPU
		{4A5CD8C4-70AA-4852-B2C7-10CB71906A3A}.Release|x86.Build.0 = Release|Any CPU
		{A210F5EA-247F-4F0D-B935-49C92A5DDBF2}.Debug|Any CPU.ActiveCfg = Debug|Any CPU
		{A210F5EA-247F-4F0D-B935-49C92A5DDBF2}.Debug|Any CPU.Build.0 = Debug|Any CPU
		{A210F5EA-247F-4F0D-B935-49C92A5DDBF2}.Debug|x64.ActiveCfg = Debug|Any CPU
		{A210F5EA-247F-4F0D-B935-49C92A5DDBF2}.Debug|x64.Build.0 = Debug|Any CPU
		{A210F5EA-247F-4F0D-B935-49C92A5DDBF2}.Debug|x86.ActiveCfg = Debug|Any CPU
		{A210F5EA-247F-4F0D-B935-49C92A5DDBF2}.Debug|x86.Build.0 = Debug|Any CPU
		{A210F5EA-247F-4F0D-B935-49C92A5DDBF2}.Release|Any CPU.ActiveCfg = Release|Any CPU
		{A210F5EA-247F-4F0D-B935-49C92A5DDBF2}.Release|Any CPU.Build.0 = Release|Any CPU
		{A210F5EA-247F-4F0D-B935-49C92A5DDBF2}.Release|x64.ActiveCfg = Release|Any CPU
		{A210F5EA-247F-4F0D-B935-49C92A5DDBF2}.Release|x64.Build.0 = Release|Any CPU
		{A210F5EA-247F-4F0D-B935-49C92A5DDBF2}.Release|x86.ActiveCfg = Release|Any CPU
		{A210F5EA-247F-4F0D-B935-49C92A5DDBF2}.Release|x86.Build.0 = Release|Any CPU
		{79B19379-0292-47C9-B6D6-D4D580B0DE5F}.Debug|Any CPU.ActiveCfg = Debug|Any CPU
		{79B19379-0292-47C9-B6D6-D4D580B0DE5F}.Debug|Any CPU.Build.0 = Debug|Any CPU
		{79B19379-0292-47C9-B6D6-D4D580B0DE5F}.Debug|x64.ActiveCfg = Debug|Any CPU
		{79B19379-0292-47C9-B6D6-D4D580B0DE5F}.Debug|x64.Build.0 = Debug|Any CPU
		{79B19379-0292-47C9-B6D6-D4D580B0DE5F}.Debug|x86.ActiveCfg = Debug|Any CPU
		{79B19379-0292-47C9-B6D6-D4D580B0DE5F}.Debug|x86.Build.0 = Debug|Any CPU
		{79B19379-0292-47C9-B6D6-D4D580B0DE5F}.Release|Any CPU.ActiveCfg = Release|Any CPU
		{79B19379-0292-47C9-B6D6-D4D580B0DE5F}.Release|Any CPU.Build.0 = Release|Any CPU
		{79B19379-0292-47C9-B6D6-D4D580B0DE5F}.Release|x64.ActiveCfg = Release|Any CPU
		{79B19379-0292-47C9-B6D6-D4D580B0DE5F}.Release|x64.Build.0 = Release|Any CPU
		{79B19379-0292-47C9-B6D6-D4D580B0DE5F}.Release|x86.ActiveCfg = Release|Any CPU
		{79B19379-0292-47C9-B6D6-D4D580B0DE5F}.Release|x86.Build.0 = Release|Any CPU
	EndGlobalSection
	GlobalSection(SolutionProperties) = preSolution
		HideSolutionNode = FALSE
	EndGlobalSection
	GlobalSection(ExtensibilityGlobals) = postSolution
		SolutionGuid = {D13A1B2C-AABA-42C5-8ADD-4D0325BB2E17}
	EndGlobalSection
EndGlobal
